
Microsoft Visual Studio Solution File, Format Version 12.00
# Visual Studio Version 16
VisualStudioVersion = 16.0.30204.135
MinimumVisualStudioVersion = 10.0.40219.1
Project("{FAE04EC0-301F-11D3-BF4B-00C04F79EFBC}") = "PasswordGenerator", "PasswordGenerator\PasswordGenerator.csproj", "{AD6B4AD3-4704-4054-BF79-9C748CBD3401}"
EndProject
Global
	GlobalSection(SolutionConfigurationPlatforms) = preSolution
		Debug|Any CPU = Debug|Any CPU
		Release|Any CPU = Release|Any CPU
	EndGlobalSection
	GlobalSection(ProjectConfigurationPlatforms) = postSolution
		{AD6B4AD3-4704-4054-BF79-9C748CBD3401}.Debug|Any CPU.ActiveCfg = Debug|Any CPU
		{AD6B4AD3-4704-4054-BF79-9C748CBD3401}.Debug|Any CPU.Build.0 = Debug|Any CPU
		{AD6B4AD3-4704-4054-BF79-9C748CBD3401}.Release|Any CPU.ActiveCfg = Release|Any CPU
		{AD6B4AD3-4704-4054-BF79-9C748CBD3401}.Release|Any CPU.Build.0 = Release|Any CPU
	EndGlobalSection
	GlobalSection(SolutionProperties) = preSolution
		HideSolutionNode = FALSE
	EndGlobalSection
	GlobalSection(ExtensibilityGlobals) = postSolution
		SolutionGuid = {612A9E2E-8BC7-4ED7-B511-D423C521ABD1}
	EndGlobalSection
EndGlobal
